
Microsoft Visual Studio Solution File, Format Version 12.00
# Visual Studio Version 17
VisualStudioVersion = 17.14.36603.0 d17.14
MinimumVisualStudioVersion = 10.0.40219.1
Project("{FAE04EC0-301F-11D3-BF4B-00C04F79EFBC}") = "CabinetMedicalWeb", "CabinetMedicalWeb.csproj", "{6368645F-B42C-48C4-936C-999021EA4CC8}"
EndProject
Project("{FAE04EC0-301F-11D3-BF4B-00C04F79EFBC}") = "CabinetMedicalWeb.Tests", "Tests\\CabinetMedicalWeb.Tests.csproj", "{0FC89E93-D76B-40B4-B760-7892753EAA8D}"
EndProject
Global
	GlobalSection(SolutionConfigurationPlatforms) = preSolution
		Debug|Any CPU = Debug|Any CPU
		Release|Any CPU = Release|Any CPU
	EndGlobalSection
	GlobalSection(ProjectConfigurationPlatforms) = postSolution
                {6368645F-B42C-48C4-936C-999021EA4CC8}.Debug|Any CPU.ActiveCfg = Debug|Any CPU
                {6368645F-B42C-48C4-936C-999021EA4CC8}.Debug|Any CPU.Build.0 = Debug|Any CPU
                {6368645F-B42C-48C4-936C-999021EA4CC8}.Release|Any CPU.ActiveCfg = Release|Any CPU
                {6368645F-B42C-48C4-936C-999021EA4CC8}.Release|Any CPU.Build.0 = Release|Any CPU
                {0FC89E93-D76B-40B4-B760-7892753EAA8D}.Debug|Any CPU.ActiveCfg = Debug|Any CPU
                {0FC89E93-D76B-40B4-B760-7892753EAA8D}.Debug|Any CPU.Build.0 = Debug|Any CPU
                {0FC89E93-D76B-40B4-B760-7892753EAA8D}.Release|Any CPU.ActiveCfg = Release|Any CPU
                {0FC89E93-D76B-40B4-B760-7892753EAA8D}.Release|Any CPU.Build.0 = Release|Any CPU
        EndGlobalSection
	GlobalSection(SolutionProperties) = preSolution
		HideSolutionNode = FALSE
	EndGlobalSection
	GlobalSection(ExtensibilityGlobals) = postSolution
		SolutionGuid = {8692B58E-DD60-4195-8EE2-9997A8CB2777}
	EndGlobalSection
EndGlobal
